
Microsoft Visual Studio Solution File, Format Version 12.00
# Visual Studio Version 16
VisualStudioVersion = 16.0.32901.82
MinimumVisualStudioVersion = 10.0.40219.1
Project("{FAE04EC0-301F-11D3-BF4B-00C04F79EFBC}") = "BetterFurniture", "BetterFurniture.csproj", "{37845075-2F28-49B0-9385-32F00BA0D86A}"
EndProject
Global
	GlobalSection(SolutionConfigurationPlatforms) = preSolution
		Debug|Any CPU = Debug|Any CPU
		Release|Any CPU = Release|Any CPU
	EndGlobalSection
	GlobalSection(ProjectConfigurationPlatforms) = postSolution
		{37845075-2F28-49B0-9385-32F00BA0D86A}.Debug|Any CPU.ActiveCfg = Debug|Any CPU
		{37845075-2F28-49B0-9385-32F00BA0D86A}.Debug|Any CPU.Build.0 = Debug|Any CPU
		{37845075-2F28-49B0-9385-32F00BA0D86A}.Release|Any CPU.ActiveCfg = Release|Any CPU
		{37845075-2F28-49B0-9385-32F00BA0D86A}.Release|Any CPU.Build.0 = Release|Any CPU
	EndGlobalSection
	GlobalSection(SolutionProperties) = preSolution
		HideSolutionNode = FALSE
	EndGlobalSection
	GlobalSection(ExtensibilityGlobals) = postSolution
		SolutionGuid = {5C76232C-D51B-46BC-A87F-89CA64371685}
	EndGlobalSection
EndGlobal
